
Microsoft Visual Studio Solution File, Format Version 12.00
# Visual Studio Version 16
VisualStudioVersion = 16.0.32510.428
MinimumVisualStudioVersion = 10.0.40219.1
Project("{8BC9CEB8-8B4A-11D0-8D11-00A0C91BC942}") = "Chapter02-10_NewObject", "Chapter02-10_NewObject.vcxproj", "{4D31B7C8-5135-4C54-A0DD-D76FF0B7892F}"
EndProject
Global
	GlobalSection(SolutionConfigurationPlatforms) = preSolution
		Debug|x64 = Debug|x64
		Debug|x86 = Debug|x86
		Release|x64 = Release|x64
		Release|x86 = Release|x86
	EndGlobalSection
	GlobalSection(ProjectConfigurationPlatforms) = postSolution
		{4D31B7C8-5135-4C54-A0DD-D76FF0B7892F}.Debug|x64.ActiveCfg = Debug|x64
		{4D31B7C8-5135-4C54-A0DD-D76FF0B7892F}.Debug|x64.Build.0 = Debug|x64
		{4D31B7C8-5135-4C54-A0DD-D76FF0B7892F}.Debug|x86.ActiveCfg = Debug|Win32
		{4D31B7C8-5135-4C54-A0DD-D76FF0B7892F}.Debug|x86.Build.0 = Debug|Win32
		{4D31B7C8-5135-4C54-A0DD-D76FF0B7892F}.Release|x64.ActiveCfg = Release|x64
		{4D31B7C8-5135-4C54-A0DD-D76FF0B7892F}.Release|x64.Build.0 = Release|x64
		{4D31B7C8-5135-4C54-A0DD-D76FF0B7892F}.Release|x86.ActiveCfg = Release|Win32
		{4D31B7C8-5135-4C54-A0DD-D76FF0B7892F}.Release|x86.Build.0 = Release|Win32
	EndGlobalSection
	GlobalSection(SolutionProperties) = preSolution
		HideSolutionNode = FALSE
	EndGlobalSection
	GlobalSection(ExtensibilityGlobals) = postSolution
		SolutionGuid = {E8C00361-9305-4BFB-BAB9-6048F083A64E}
	EndGlobalSection
EndGlobal
