
Microsoft Visual Studio Solution File, Format Version 12.00
# Visual Studio Version 16
VisualStudioVersion = 16.0.33328.57
MinimumVisualStudioVersion = 10.0.40219.1
Project("{8BC9CEB8-8B4A-11D0-8D11-00A0C91BC942}") = "Q.02-4-1", "Q.02-4-1.vcxproj", "{22CD6107-0627-43A6-BF31-4BA90F688CEC}"
EndProject
Global
	GlobalSection(SolutionConfigurationPlatforms) = preSolution
		Debug|x64 = Debug|x64
		Debug|x86 = Debug|x86
		Release|x64 = Release|x64
		Release|x86 = Release|x86
	EndGlobalSection
	GlobalSection(ProjectConfigurationPlatforms) = postSolution
		{22CD6107-0627-43A6-BF31-4BA90F688CEC}.Debug|x64.ActiveCfg = Debug|x64
		{22CD6107-0627-43A6-BF31-4BA90F688CEC}.Debug|x64.Build.0 = Debug|x64
		{22CD6107-0627-43A6-BF31-4BA90F688CEC}.Debug|x86.ActiveCfg = Debug|Win32
		{22CD6107-0627-43A6-BF31-4BA90F688CEC}.Debug|x86.Build.0 = Debug|Win32
		{22CD6107-0627-43A6-BF31-4BA90F688CEC}.Release|x64.ActiveCfg = Release|x64
		{22CD6107-0627-43A6-BF31-4BA90F688CEC}.Release|x64.Build.0 = Release|x64
		{22CD6107-0627-43A6-BF31-4BA90F688CEC}.Release|x86.ActiveCfg = Release|Win32
		{22CD6107-0627-43A6-BF31-4BA90F688CEC}.Release|x86.Build.0 = Release|Win32
	EndGlobalSection
	GlobalSection(SolutionProperties) = preSolution
		HideSolutionNode = FALSE
	EndGlobalSection
	GlobalSection(ExtensibilityGlobals) = postSolution
		SolutionGuid = {0B2FFEC5-3ED8-4B91-BF7A-93C7F6D7AFCD}
	EndGlobalSection
EndGlobal
